
Microsoft Visual Studio Solution File, Format Version 12.00
# Visual Studio Version 17
VisualStudioVersion = 17.5.33516.290
MinimumVisualStudioVersion = 10.0.40219.1
Project("{FAE04EC0-301F-11D3-BF4B-00C04F79EFBC}") = "RecursionPrac", "RecursionPrac\RecursionPrac.csproj", "{34C6EC48-3C78-4BB4-A30A-59C58BDC56FB}"
EndProject
Global
	GlobalSection(SolutionConfigurationPlatforms) = preSolution
		Debug|Any CPU = Debug|Any CPU
		Release|Any CPU = Release|Any CPU
	EndGlobalSection
	GlobalSection(ProjectConfigurationPlatforms) = postSolution
		{34C6EC48-3C78-4BB4-A30A-59C58BDC56FB}.Debug|Any CPU.ActiveCfg = Debug|Any CPU
		{34C6EC48-3C78-4BB4-A30A-59C58BDC56FB}.Debug|Any CPU.Build.0 = Debug|Any CPU
		{34C6EC48-3C78-4BB4-A30A-59C58BDC56FB}.Release|Any CPU.ActiveCfg = Release|Any CPU
		{34C6EC48-3C78-4BB4-A30A-59C58BDC56FB}.Release|Any CPU.Build.0 = Release|Any CPU
	EndGlobalSection
	GlobalSection(SolutionProperties) = preSolution
		HideSolutionNode = FALSE
	EndGlobalSection
	GlobalSection(ExtensibilityGlobals) = postSolution
		SolutionGuid = {532C0840-BFAD-4CC3-9285-C4736076695A}
	EndGlobalSection
EndGlobal
